{
  "name": "qa-extension",
  "version": "0.0.1",
  "lockfileVersion": 3,
  "requires": true,
  "packages": {
    "": {
      "name": "qa-extension",
      "version": "0.0.1",
      "license": "MIT",
      "dependencies": {
        "chrome-extension": "^0.0.1"
      }
    },
    "node_modules/chrome-extension": {
      "version": "0.0.1",
      "resolved": "https://registry.npmjs.org/chrome-extension/-/chrome-extension-0.0.1.tgz",
      "integrity": "sha512-yFIgBYn7faKRI+TE08vYk+zIOnYkPINY12TRPAWPXwJaXjtN5mz1T2gtaFWttEJDs5zmRfgrVp6f1hBJNKRxGw=="
    }
  }
}
